// !$*UTF8*$!
{
	archiveVersion = 1;
	classes = {
	};
	objectVersion = 50;
	objects = {

/* Begin PBXBuildFile section */
		83576EB7249DA6C2004AA8F7 /* AppDelegate.swift in Sources */ = {isa = PBXBuildFile; fileRef = 83576EB6249DA6C2004AA8F7 /* AppDelegate.swift */; };
		83576EB9249DA6C2004AA8F7 /* SceneDelegate.swift in Sources */ = {isa = PBXBuildFile; fileRef = 83576EB8249DA6C2004AA8F7 /* SceneDelegate.swift */; };
		83576EBC249DA6C2004AA8F7 /* Baby_Timer.xcdatamodeld in Sources */ = {isa = PBXBuildFile; fileRef = 83576EBA249DA6C2004AA8F7 /* Baby_Timer.xcdatamodeld */; };
		83576EBE249DA6C2004AA8F7 /* ContentView.swift in Sources */ = {isa = PBXBuildFile; fileRef = 83576EBD249DA6C2004AA8F7 /* ContentView.swift */; };
		83576EC0249DA6C3004AA8F7 /* Assets.xcassets in Resources */ = {isa = PBXBuildFile; fileRef = 83576EBF249DA6C3004AA8F7 /* Assets.xcassets */; };
		83576EC3249DA6C3004AA8F7 /* Preview Assets.xcassets in Resources */ = {isa = PBXBuildFile; fileRef = 83576EC2249DA6C3004AA8F7 /* Preview Assets.xcassets */; };
		83576EC6249DA6C3004AA8F7 /* LaunchScreen.storyboard in Resources */ = {isa = PBXBuildFile; fileRef = 83576EC4249DA6C3004AA8F7 /* LaunchScreen.storyboard */; };
		83576ECE249DA742004AA8F7 /* SleepView.swift in Sources */ = {isa = PBXBuildFile; fileRef = 83576ECD249DA742004AA8F7 /* SleepView.swift */; };
		83576ED0249DB5BA004AA8F7 /* SleepManager.swift in Sources */ = {isa = PBXBuildFile; fileRef = 83576ECF249DB5BA004AA8F7 /* SleepManager.swift */; };
		83576ED2249DBF7B004AA8F7 /* StopWatch.swift in Sources */ = {isa = PBXBuildFile; fileRef = 83576ED1249DBF7B004AA8F7 /* StopWatch.swift */; };
/* End PBXBuildFile section */

/* Begin PBXFileReference section */
		83576EB3249DA6C2004AA8F7 /* Baby Timer.app */ = {isa = PBXFileReference; explicitFileType = wrapper.application; includeInIndex = 0; path = "Baby Timer.app"; sourceTree = BUILT_PRODUCTS_DIR; };
		83576EB6249DA6C2004AA8F7 /* AppDelegate.swift */ = {isa = PBXFileReference; lastKnownFileType = sourcecode.swift; path = AppDelegate.swift; sourceTree = "<group>"; };
		83576EB8249DA6C2004AA8F7 /* SceneDelegate.swift */ = {isa = PBXFileReference; lastKnownFileType = sourcecode.swift; path = SceneDelegate.swift; sourceTree = "<group>"; };
		83576EBB249DA6C2004AA8F7 /* Baby_Timer.xcdatamodel */ = {isa = PBXFileReference; lastKnownFileType = wrapper.xcdatamodel; path = Baby_Timer.xcdatamodel; sourceTree = "<group>"; };
		83576EBD249DA6C2004AA8F7 /* ContentView.swift */ = {isa = PBXFileReference; lastKnownFileType = sourcecode.swift; path = ContentView.swift; sourceTree = "<group>"; };
		83576EBF249DA6C3004AA8F7 /* Assets.xcassets */ = {isa = PBXFileReference; lastKnownFileType = folder.assetcatalog; path = Assets.xcassets; sourceTree = "<group>"; };
		83576EC2249DA6C3004AA8F7 /* Preview Assets.xcassets */ = {isa = PBXFileReference; lastKnownFileType = folder.assetcatalog; path = "Preview Assets.xcassets"; sourceTree = "<group>"; };
		83576EC5249DA6C3004AA8F7 /* Base */ = {isa = PBXFileReference; lastKnownFileType = file.storyboard; name = Base; path = Base.lproj/LaunchScreen.storyboard; sourceTree = "<group>"; };
		83576EC7249DA6C3004AA8F7 /* Info.plist */ = {isa = PBXFileReference; lastKnownFileType = text.plist.xml; path = Info.plist; sourceTree = "<group>"; };
		83576ECD249DA742004AA8F7 /* SleepView.swift */ = {isa = PBXFileReference; lastKnownFileType = sourcecode.swift; path = SleepView.swift; sourceTree = "<group>"; };
		83576ECF249DB5BA004AA8F7 /* SleepManager.swift */ = {isa = PBXFileReference; lastKnownFileType = sourcecode.swift; path = SleepManager.swift; sourceTree = "<group>"; };
		83576ED1249DBF7B004AA8F7 /* StopWatch.swift */ = {isa = PBXFileReference; lastKnownFileType = sourcecode.swift; path = StopWatch.swift; sourceTree = "<group>"; };
/* End PBXFileReference section */

/* Begin PBXFrameworksBuildPhase section */
		83576EB0249DA6C2004AA8F7 /* Frameworks */ = {
			isa = PBXFrameworksBuildPhase;
			buildActionMask = 2147483647;
			files = (
			);
			runOnlyForDeploymentPostprocessing = 0;
		};
/* End PBXFrameworksBuildPhase section */

/* Begin PBXGroup section */
		83576EAA249DA6C2004AA8F7 = {
			isa = PBXGroup;
			children = (
				83576EB5249DA6C2004AA8F7 /* Baby Timer */,
				83576EB4249DA6C2004AA8F7 /* Products */,
			);
			sourceTree = "<group>";
		};
		83576EB4249DA6C2004AA8F7 /* Products */ = {
			isa = PBXGroup;
			children = (
				83576EB3249DA6C2004AA8F7 /* Baby Timer.app */,
			);
			name = Products;
			sourceTree = "<group>";
		};
		83576EB5249DA6C2004AA8F7 /* Baby Timer */ = {
			isa = PBXGroup;
			children = (
				83576EB6249DA6C2004AA8F7 /* AppDelegate.swift */,
				83576EB8249DA6C2004AA8F7 /* SceneDelegate.swift */,
				83576EBD249DA6C2004AA8F7 /* ContentView.swift */,
				83576EBF249DA6C3004AA8F7 /* Assets.xcassets */,
				83576EC4249DA6C3004AA8F7 /* LaunchScreen.storyboard */,
				83576EC7249DA6C3004AA8F7 /* Info.plist */,
				83576EBA249DA6C2004AA8F7 /* Baby_Timer.xcdatamodeld */,
				83576EC1249DA6C3004AA8F7 /* Preview Content */,
				83576ECD249DA742004AA8F7 /* SleepView.swift */,
				83576ECF249DB5BA004AA8F7 /* SleepManager.swift */,
				83576ED1249DBF7B004AA8F7 /* StopWatch.swift */,
			);
			path = "Baby Timer";
			sourceTree = "<group>";
		};
		83576EC1249DA6C3004AA8F7 /* Preview Content */ = {
			isa = PBXGroup;
			children = (
				83576EC2249DA6C3004AA8F7 /* Preview Assets.xcassets */,
			);
			path = "Preview Content";
			sourceTree = "<group>";
		};
/* End PBXGroup section */

/* Begin PBXNativeTarget section */
		83576EB2249DA6C2004AA8F7 /* Baby Timer */ = {
			isa = PBXNativeTarget;
			buildConfigurationList = 83576ECA249DA6C3004AA8F7 /* Build configuration list for PBXNativeTarget "Baby Timer" */;
			buildPhases = (
				83576EAF249DA6C2004AA8F7 /* Sources */,
				83576EB0249DA6C2004AA8F7 /* Frameworks */,
				83576EB1249DA6C2004AA8F7 /* Resources */,
			);
			buildRules = (
			);
			dependencies = (
			);
			name = "Baby Timer";
			productName = "Baby Timer";
			productReference = 83576EB3249DA6C2004AA8F7 /* Baby Timer.app */;
			productType = "com.apple.product-type.application";
		};
/* End PBXNativeTarget section */

/* Begin PBXProject section */
		83576EAB249DA6C2004AA8F7 /* Project object */ = {
			isa = PBXProject;
			attributes = {
				LastSwiftUpdateCheck = 1150;
				LastUpgradeCheck = 1150;
				ORGANIZATIONNAME = "Christopher Lang";
				TargetAttributes = {
					83576EB2249DA6C2004AA8F7 = {
						CreatedOnToolsVersion = 11.5;
					};
				};
			};
			buildConfigurationList = 83576EAE249DA6C2004AA8F7 /* Build configuration list for PBXProject "Baby Timer" */;
			compatibilityVersion = "Xcode 9.3";
			developmentRegion = en;
			hasScannedForEncodings = 0;
			knownRegions = (
				en,
				Base,
			);
			mainGroup = 83576EAA249DA6C2004AA8F7;
			productRefGroup = 83576EB4249DA6C2004AA8F7 /* Products */;
			projectDirPath = "";
			projectRoot = "";
			targets = (
				83576EB2249DA6C2004AA8F7 /* Baby Timer */,
			);
		};
/* End PBXProject section */

/* Begin PBXResourcesBuildPhase section */
		83576EB1249DA6C2004AA8F7 /* Resources */ = {
			isa = PBXResourcesBuildPhase;
			buildActionMask = 2147483647;
			files = (
				83576EC6249DA6C3004AA8F7 /* LaunchScreen.storyboard in Resources */,
				83576EC3249DA6C3004AA8F7 /* Preview Assets.xcassets in Resources */,
				83576EC0249DA6C3004AA8F7 /* Assets.xcassets in Resources */,
			);
			runOnlyForDeploymentPostprocessing = 0;
		};
/* End PBXResourcesBuildPhase section */

/* Begin PBXSourcesBuildPhase section */
		83576EAF249DA6C2004AA8F7 /* Sources */ = {
			isa = PBXSourcesBuildPhase;
			buildActionMask = 2147483647;
			files = (
				83576EB7249DA6C2004AA8F7 /* AppDelegate.swift in Sources */,
				83576ED2249DBF7B004AA8F7 /* StopWatch.swift in Sources */,
				83576ED0249DB5BA004AA8F7 /* SleepManager.swift in Sources */,
				83576EB9249DA6C2004AA8F7 /* SceneDelegate.swift in Sources */,
				83576EBE249DA6C2004AA8F7 /* ContentView.swift in Sources */,
				83576ECE249DA742004AA8F7 /* SleepView.swift in Sources */,
				83576EBC249DA6C2004AA8F7 /* Baby_Timer.xcdatamodeld in Sources */,
			);
			runOnlyForDeploymentPostprocessing = 0;
		};
/* End PBXSourcesBuildPhase section */

/* Begin PBXVariantGroup section */
		83576EC4249DA6C3004AA8F7 /* LaunchScreen.storyboard */ = {
			isa = PBXVariantGroup;
			children = (
				83576EC5249DA6C3004AA8F7 /* Base */,
			);
			name = LaunchScreen.storyboard;
			sourceTree = "<group>";
		};
/* End PBXVariantGroup section */

/* Begin XCBuildConfiguration section */
		83576EC8249DA6C3004AA8F7 /* Debug */ = {
			isa = XCBuildConfiguration;
			buildSettings = {
				ALWAYS_SEARCH_USER_PATHS = NO;
				CLANG_ANALYZER_NONNULL = YES;
				CLANG_ANALYZER_NUMBER_OBJECT_CONVERSION = YES_AGGRESSIVE;
				CLANG_CXX_LANGUAGE_STANDARD = "gnu++14";
				CLANG_CXX_LIBRARY = "libc++";
				CLANG_ENABLE_MODULES = YES;
				CLANG_ENABLE_OBJC_ARC = YES;
				CLANG_ENABLE_OBJC_WEAK = YES;
				CLANG_WARN_BLOCK_CAPTURE_AUTORELEASING = YES;
				CLANG_WARN_BOOL_CONVERSION = YES;
				CLANG_WARN_COMMA = YES;
				CLANG_WARN_CONSTANT_CONVERSION = YES;
				CLANG_WARN_DEPRECATED_OBJC_IMPLEMENTATIONS = YES;
				CLANG_WARN_DIRECT_OBJC_ISA_USAGE = YES_ERROR;
				CLANG_WARN_DOCUMENTATION_COMMENTS = YES;
				CLANG_WARN_EMPTY_BODY = YES;
				CLANG_WARN_ENUM_CONVERSION = YES;
				CLANG_WARN_INFINITE_RECURSION = YES;
				CLANG_WARN_INT_CONVERSION = YES;
				CLANG_WARN_NON_LITERAL_NULL_CONVERSION = YES;
				CLANG_WARN_OBJC_IMPLICIT_RETAIN_SELF = YES;
				CLANG_WARN_OBJC_LITERAL_CONVERSION = YES;
				CLANG_WARN_OBJC_ROOT_CLASS = YES_ERROR;
				CLANG_WARN_RANGE_LOOP_ANALYSIS = YES;
				CLANG_WARN_STRICT_PROTOTYPES = YES;
				CLANG_WARN_SUSPICIOUS_MOVE = YES;
				CLANG_WARN_UNGUARDED_AVAILABILITY = YES_AGGRESSIVE;
				CLANG_WARN_UNREACHABLE_CODE = YES;
				CLANG_WARN__DUPLICATE_METHOD_MATCH = YES;
				COPY_PHASE_STRIP = NO;
				DEBUG_INFORMATION_FORMAT = dwarf;
				ENABLE_STRICT_OBJC_MSGSEND = YES;
				ENABLE_TESTABILITY = YES;
				GCC_C_LANGUAGE_STANDARD = gnu11;
				GCC_DYNAMIC_NO_PIC = NO;
				GCC_NO_COMMON_BLOCKS = YES;
				GCC_OPTIMIZATION_LEVEL = 0;
				GCC_PREPROCESSOR_DEFINITIONS = (
					"DEBUG=1",
					"$(inherited)",
				);
				GCC_WARN_64_TO_32_BIT_CONVERSION = YES;
				GCC_WARN_ABOUT_RETURN_TYPE = YES_ERROR;
				GCC_WARN_UNDECLARED_SELECTOR = YES;
				GCC_WARN_UNINITIALIZED_AUTOS = YES_AGGRESSIVE;
				GCC_WARN_UNUSED_FUNCTION = YES;
				GCC_WARN_UNUSED_VARIABLE = YES;
				IPHONEOS_DEPLOYMENT_TARGET = 13.5;
				MTL_ENABLE_DEBUG_INFO = INCLUDE_SOURCE;
				MTL_FAST_MATH = YES;
				ONLY_ACTIVE_ARCH = YES;
				SDKROOT = iphoneos;
				SWIFT_ACTIVE_COMPILATION_CONDITIONS = DEBUG;
				SWIFT_OPTIMIZATION_LEVEL = "-Onone";
			};
			name = Debug;
		};
		83576EC9249DA6C3004AA8F7 /* Release */ = {
			isa = XCBuildConfiguration;
			buildSettings = {
				ALWAYS_SEARCH_USER_PATHS = NO;
				CLANG_ANALYZER_NONNULL = YES;
				CLANG_ANALYZER_NUMBER_OBJECT_CONVERSION = YES_AGGRESSIVE;
				CLANG_CXX_LANGUAGE_STANDARD = "gnu++14";
				CLANG_CXX_LIBRARY = "libc++";
				CLANG_ENABLE_MODULES = YES;
				CLANG_ENABLE_OBJC_ARC = YES;
				CLANG_ENABLE_OBJC_WEAK = YES;
				CLANG_WARN_BLOCK_CAPTURE_AUTORELEASING = YES;
				CLANG_WARN_BOOL_CONVERSION = YES;
				CLANG_WARN_COMMA = YES;
				CLANG_WARN_CONSTANT_CONVERSION = YES;
				CLANG_WARN_DEPRECATED_OBJC_IMPLEMENTATIONS = YES;
				CLANG_WARN_DIRECT_OBJC_ISA_USAGE = YES_ERROR;
				CLANG_WARN_DOCUMENTATION_COMMENTS = YES;
				CLANG_WARN_EMPTY_BODY = YES;
				CLANG_WARN_ENUM_CONVERSION = YES;
				CLANG_WARN_INFINITE_RECURSION = YES;
				CLANG_WARN_INT_CONVERSION = YES;
				CLANG_WARN_NON_LITERAL_NULL_CONVERSION = YES;
				CLANG_WARN_OBJC_IMPLICIT_RETAIN_SELF = YES;
				CLANG_WARN_OBJC_LITERAL_CONVERSION = YES;
				CLANG_WARN_OBJC_ROOT_CLASS = YES_ERROR;
				CLANG_WARN_RANGE_LOOP_ANALYSIS = YES;
				CLANG_WARN_STRICT_PROTOTYPES = YES;
				CLANG_WARN_SUSPICIOUS_MOVE = YES;
				CLANG_WARN_UNGUARDED_AVAILABILITY = YES_AGGRESSIVE;
				CLANG_WARN_UNREACHABLE_CODE = YES;
				CLANG_WARN__DUPLICATE_METHOD_MATCH = YES;
				COPY_PHASE_STRIP = NO;
				DEBUG_INFORMATION_FORMAT = "dwarf-with-dsym";
				ENABLE_NS_ASSERTIONS = NO;
				ENABLE_STRICT_OBJC_MSGSEND = YES;
				GCC_C_LANGUAGE_STANDARD = gnu11;
				GCC_NO_COMMON_BLOCKS = YES;
				GCC_WARN_64_TO_32_BIT_CONVERSION = YES;
				GCC_WARN_ABOUT_RETURN_TYPE = YES_ERROR;
				GCC_WARN_UNDECLARED_SELECTOR = YES;
				GCC_WARN_UNINITIALIZED_AUTOS = YES_AGGRESSIVE;
				GCC_WARN_UNUSED_FUNCTION = YES;
				GCC_WARN_UNUSED_VARIABLE = YES;
				IPHONEOS_DEPLOYMENT_TARGET = 13.5;
				MTL_ENABLE_DEBUG_INFO = NO;
				MTL_FAST_MATH = YES;
				SDKROOT = iphoneos;
				SWIFT_COMPILATION_MODE = wholemodule;
				SWIFT_OPTIMIZATION_LEVEL = "-O";
				VALIDATE_PRODUCT = YES;
			};
			name = Release;
		};
		83576ECB249DA6C3004AA8F7 /* Debug */ = {
			isa = XCBuildConfiguration;
			buildSettings = {
				ASSETCATALOG_COMPILER_APPICON_NAME = AppIcon;
				CODE_SIGN_STYLE = Automatic;
				DEVELOPMENT_ASSET_PATHS = "\"Baby Timer/Preview Content\"";
				DEVELOPMENT_TEAM = ULJK2GMX23;
				ENABLE_PREVIEWS = YES;
				INFOPLIST_FILE = "Baby Timer/Info.plist";
				LD_RUNPATH_SEARCH_PATHS = (
					"$(inherited)",
					"@executable_path/Frameworks",
				);
				PRODUCT_BUNDLE_IDENTIFIER = "au.com.christopherlang.Baby-Timer";
				PRODUCT_NAME = "$(TARGET_NAME)";
				SWIFT_VERSION = 5.0;
				TARGETED_DEVICE_FAMILY = "1,2";
			};
			name = Debug;
		};
		83576ECC249DA6C3004AA8F7 /* Release */ = {
			isa = XCBuildConfiguration;
			buildSettings = {
				ASSETCATALOG_COMPILER_APPICON_NAME = AppIcon;
				CODE_SIGN_STYLE = Automatic;
				DEVELOPMENT_ASSET_PATHS = "\"Baby Timer/Preview Content\"";
				DEVELOPMENT_TEAM = ULJK2GMX23;
				ENABLE_PREVIEWS = YES;
				INFOPLIST_FILE = "Baby Timer/Info.plist";
				LD_RUNPATH_SEARCH_PATHS = (
					"$(inherited)",
					"@executable_path/Frameworks",
				);
				PRODUCT_BUNDLE_IDENTIFIER = "au.com.christopherlang.Baby-Timer";
				PRODUCT_NAME = "$(TARGET_NAME)";
				SWIFT_VERSION = 5.0;
				TARGETED_DEVICE_FAMILY = "1,2";
			};
			name = Release;
		};
/* End XCBuildConfiguration section */

/* Begin XCConfigurationList section */
		83576EAE249DA6C2004AA8F7 /* Build configuration list for PBXProject "Baby Timer" */ = {
			isa = XCConfigurationList;
			buildConfigurations = (
				83576EC8249DA6C3004AA8F7 /* Debug */,
				83576EC9249DA6C3004AA8F7 /* Release */,
			);
			defaultConfigurationIsVisible = 0;
			defaultConfigurationName = Release;
		};
		83576ECA249DA6C3004AA8F7 /* Build configuration list for PBXNativeTarget "Baby Timer" */ = {
			isa = XCConfigurationList;
			buildConfigurations = (
				83576ECB249DA6C3004AA8F7 /* Debug */,
				83576ECC249DA6C3004AA8F7 /* Release */,
			);
			defaultConfigurationIsVisible = 0;
			defaultConfigurationName = Release;
		};
/* End XCConfigurationList section */

/* Begin XCVersionGroup section */
		83576EBA249DA6C2004AA8F7 /* Baby_Timer.xcdatamodeld */ = {
			isa = XCVersionGroup;
			children = (
				83576EBB249DA6C2004AA8F7 /* Baby_Timer.xcdatamodel */,
			);
			currentVersion = 83576EBB249DA6C2004AA8F7 /* Baby_Timer.xcdatamodel */;
			path = Baby_Timer.xcdatamodeld;
			sourceTree = "<group>";
			versionGroupType = wrapper.xcdatamodel;
		};
/* End XCVersionGroup section */
	};
	rootObject = 83576EAB249DA6C2004AA8F7 /* Project object */;
}
